// !$*UTF8*$!
{
	archiveVersion = 1;
	classes = {
	};
	objectVersion = 46;
	objects = {

/* Begin PBXBuildFile section */
		B08521081A8ACC880056236A /* main.m in Sources */ = {isa = PBXBuildFile; fileRef = B08521071A8ACC880056236A /* main.m */; };
		B085210B1A8ACC880056236A /* AppDelegate.m in Sources */ = {isa = PBXBuildFile; fileRef = B085210A1A8ACC880056236A /* AppDelegate.m */; };
		B085210E1A8ACC880056236A /* ViewController.m in Sources */ = {isa = PBXBuildFile; fileRef = B085210D1A8ACC880056236A /* ViewController.m */; };
		B08521131A8ACC880056236A /* Images.xcassets in Resources */ = {isa = PBXBuildFile; fileRef = B08521121A8ACC880056236A /* Images.xcassets */; };
		B08521221A8ACC880056236A /* YoloRobotTests.m in Sources */ = {isa = PBXBuildFile; fileRef = B08521211A8ACC880056236A /* YoloRobotTests.m */; };
		B08521461A8AD8830056236A /* Main.storyboard in Resources */ = {isa = PBXBuildFile; fileRef = B08521451A8AD8830056236A /* Main.storyboard */; };
		B085214A1A8ADC5B0056236A /* ContentViewController.m in Sources */ = {isa = PBXBuildFile; fileRef = B08521491A8ADC5B0056236A /* ContentViewController.m */; };
		B085214D1A8ADEB50056236A /* NSBundle+Convenience.m in Sources */ = {isa = PBXBuildFile; fileRef = B085214C1A8ADEB50056236A /* NSBundle+Convenience.m */; };
/* End PBXBuildFile section */

/* Begin PBXContainerItemProxy section */
		B085211C1A8ACC880056236A /* PBXContainerItemProxy */ = {
			isa = PBXContainerItemProxy;
			containerPortal = B08520FA1A8ACC880056236A /* Project object */;
			proxyType = 1;
			remoteGlobalIDString = B08521011A8ACC880056236A;
			remoteInfo = YoloRobot;
		};
/* End PBXContainerItemProxy section */

/* Begin PBXFileReference section */
		B08521021A8ACC880056236A /* YoloRobot.app */ = {isa = PBXFileReference; explicitFileType = wrapper.application; includeInIndex = 0; path = YoloRobot.app; sourceTree = BUILT_PRODUCTS_DIR; };
		B08521061A8ACC880056236A /* Info.plist */ = {isa = PBXFileReference; lastKnownFileType = text.plist.xml; path = Info.plist; sourceTree = "<group>"; };
		B08521071A8ACC880056236A /* main.m */ = {isa = PBXFileReference; lastKnownFileType = sourcecode.c.objc; path = main.m; sourceTree = "<group>"; };
		B08521091A8ACC880056236A /* AppDelegate.h */ = {isa = PBXFileReference; lastKnownFileType = sourcecode.c.h; path = AppDelegate.h; sourceTree = "<group>"; };
		B085210A1A8ACC880056236A /* AppDelegate.m */ = {isa = PBXFileReference; lastKnownFileType = sourcecode.c.objc; path = AppDelegate.m; sourceTree = "<group>"; };
		B085210C1A8ACC880056236A /* ViewController.h */ = {isa = PBXFileReference; lastKnownFileType = sourcecode.c.h; path = ViewController.h; sourceTree = "<group>"; };
		B085210D1A8ACC880056236A /* ViewController.m */ = {isa = PBXFileReference; lastKnownFileType = sourcecode.c.objc; path = ViewController.m; sourceTree = "<group>"; };
		B08521121A8ACC880056236A /* Images.xcassets */ = {isa = PBXFileReference; lastKnownFileType = folder.assetcatalog; path = Images.xcassets; sourceTree = "<group>"; };
		B085211B1A8ACC880056236A /* YoloRobotTests.xctest */ = {isa = PBXFileReference; explicitFileType = wrapper.cfbundle; includeInIndex = 0; path = YoloRobotTests.xctest; sourceTree = BUILT_PRODUCTS_DIR; };
		B08521201A8ACC880056236A /* Info.plist */ = {isa = PBXFileReference; lastKnownFileType = text.plist.xml; path = Info.plist; sourceTree = "<group>"; };
		B08521211A8ACC880056236A /* YoloRobotTests.m */ = {isa = PBXFileReference; lastKnownFileType = sourcecode.c.objc; path = YoloRobotTests.m; sourceTree = "<group>"; };
		B08521451A8AD8830056236A /* Main.storyboard */ = {isa = PBXFileReference; fileEncoding = 4; lastKnownFileType = file.storyboard; path = Main.storyboard; sourceTree = "<group>"; };
		B08521471A8ADBCD0056236A /* Constants.h */ = {isa = PBXFileReference; lastKnownFileType = sourcecode.c.h; path = Constants.h; sourceTree = "<group>"; };
		B08521481A8ADC5B0056236A /* ContentViewController.h */ = {isa = PBXFileReference; fileEncoding = 4; lastKnownFileType = sourcecode.c.h; path = ContentViewController.h; sourceTree = "<group>"; };
		B08521491A8ADC5B0056236A /* ContentViewController.m */ = {isa = PBXFileReference; fileEncoding = 4; lastKnownFileType = sourcecode.c.objc; path = ContentViewController.m; sourceTree = "<group>"; };
		B085214B1A8ADEB50056236A /* NSBundle+Convenience.h */ = {isa = PBXFileReference; fileEncoding = 4; lastKnownFileType = sourcecode.c.h; path = "NSBundle+Convenience.h"; sourceTree = "<group>"; };
		B085214C1A8ADEB50056236A /* NSBundle+Convenience.m */ = {isa = PBXFileReference; fileEncoding = 4; lastKnownFileType = sourcecode.c.objc; path = "NSBundle+Convenience.m"; sourceTree = "<group>"; };
/* End PBXFileReference section */

/* Begin PBXFrameworksBuildPhase section */
		B08520FF1A8ACC880056236A /* Frameworks */ = {
			isa = PBXFrameworksBuildPhase;
			buildActionMask = 2147483647;
			files = (
			);
			runOnlyForDeploymentPostprocessing = 0;
		};
		B08521181A8ACC880056236A /* Frameworks */ = {
			isa = PBXFrameworksBuildPhase;
			buildActionMask = 2147483647;
			files = (
			);
			runOnlyForDeploymentPostprocessing = 0;
		};
/* End PBXFrameworksBuildPhase section */

/* Begin PBXGroup section */
		B08520F91A8ACC880056236A = {
			isa = PBXGroup;
			children = (
				B08521041A8ACC880056236A /* YoloRobot */,
				B085211E1A8ACC880056236A /* YoloRobotTests */,
				B08521031A8ACC880056236A /* Products */,
			);
			sourceTree = "<group>";
		};
		B08521031A8ACC880056236A /* Products */ = {
			isa = PBXGroup;
			children = (
				B08521021A8ACC880056236A /* YoloRobot.app */,
				B085211B1A8ACC880056236A /* YoloRobotTests.xctest */,
			);
			name = Products;
			sourceTree = "<group>";
		};
		B08521041A8ACC880056236A /* YoloRobot */ = {
			isa = PBXGroup;
			children = (
				B08521451A8AD8830056236A /* Main.storyboard */,
				B08521091A8ACC880056236A /* AppDelegate.h */,
				B085210A1A8ACC880056236A /* AppDelegate.m */,
				B085210C1A8ACC880056236A /* ViewController.h */,
				B085210D1A8ACC880056236A /* ViewController.m */,
				B08521121A8ACC880056236A /* Images.xcassets */,
				B08521051A8ACC880056236A /* Supporting Files */,
				B08521471A8ADBCD0056236A /* Constants.h */,
				B08521481A8ADC5B0056236A /* ContentViewController.h */,
				B08521491A8ADC5B0056236A /* ContentViewController.m */,
				B085214B1A8ADEB50056236A /* NSBundle+Convenience.h */,
				B085214C1A8ADEB50056236A /* NSBundle+Convenience.m */,
			);
			path = YoloRobot;
			sourceTree = "<group>";
		};
		B08521051A8ACC880056236A /* Supporting Files */ = {
			isa = PBXGroup;
			children = (
				B08521061A8ACC880056236A /* Info.plist */,
				B08521071A8ACC880056236A /* main.m */,
			);
			name = "Supporting Files";
			sourceTree = "<group>";
		};
		B085211E1A8ACC880056236A /* YoloRobotTests */ = {
			isa = PBXGroup;
			children = (
				B08521211A8ACC880056236A /* YoloRobotTests.m */,
				B085211F1A8ACC880056236A /* Supporting Files */,
			);
			path = YoloRobotTests;
			sourceTree = "<group>";
		};
		B085211F1A8ACC880056236A /* Supporting Files */ = {
			isa = PBXGroup;
			children = (
				B08521201A8ACC880056236A /* Info.plist */,
			);
			name = "Supporting Files";
			sourceTree = "<group>";
		};
/* End PBXGroup section */

/* Begin PBXNativeTarget section */
		B08521011A8ACC880056236A /* YoloRobot */ = {
			isa = PBXNativeTarget;
			buildConfigurationList = B08521251A8ACC880056236A /* Build configuration list for PBXNativeTarget "YoloRobot" */;
			buildPhases = (
				B08520FE1A8ACC880056236A /* Sources */,
				B08520FF1A8ACC880056236A /* Frameworks */,
				B08521001A8ACC880056236A /* Resources */,
			);
			buildRules = (
			);
			dependencies = (
			);
			name = YoloRobot;
			productName = YoloRobot;
			productReference = B08521021A8ACC880056236A /* YoloRobot.app */;
			productType = "com.apple.product-type.application";
		};
		B085211A1A8ACC880056236A /* YoloRobotTests */ = {
			isa = PBXNativeTarget;
			buildConfigurationList = B08521281A8ACC880056236A /* Build configuration list for PBXNativeTarget "YoloRobotTests" */;
			buildPhases = (
				B08521171A8ACC880056236A /* Sources */,
				B08521181A8ACC880056236A /* Frameworks */,
				B08521191A8ACC880056236A /* Resources */,
			);
			buildRules = (
			);
			dependencies = (
				B085211D1A8ACC880056236A /* PBXTargetDependency */,
			);
			name = YoloRobotTests;
			productName = YoloRobotTests;
			productReference = B085211B1A8ACC880056236A /* YoloRobotTests.xctest */;
			productType = "com.apple.product-type.bundle.unit-test";
		};
/* End PBXNativeTarget section */

/* Begin PBXProject section */
		B08520FA1A8ACC880056236A /* Project object */ = {
			isa = PBXProject;
			attributes = {
				LastUpgradeCheck = 0610;
				ORGANIZATIONNAME = "Ariel Rodriguez";
				TargetAttributes = {
					B08521011A8ACC880056236A = {
						CreatedOnToolsVersion = 6.1.1;
					};
					B085211A1A8ACC880056236A = {
						CreatedOnToolsVersion = 6.1.1;
						TestTargetID = B08521011A8ACC880056236A;
					};
				};
			};
			buildConfigurationList = B08520FD1A8ACC880056236A /* Build configuration list for PBXProject "YoloRobot" */;
			compatibilityVersion = "Xcode 3.2";
			developmentRegion = English;
			hasScannedForEncodings = 0;
			knownRegions = (
				en,
				es,
			);
			mainGroup = B08520F91A8ACC880056236A;
			productRefGroup = B08521031A8ACC880056236A /* Products */;
			projectDirPath = "";
			projectRoot = "";
			targets = (
				B08521011A8ACC880056236A /* YoloRobot */,
				B085211A1A8ACC880056236A /* YoloRobotTests */,
			);
		};
/* End PBXProject section */

/* Begin PBXResourcesBuildPhase section */
		B08521001A8ACC880056236A /* Resources */ = {
			isa = PBXResourcesBuildPhase;
			buildActionMask = 2147483647;
			files = (
				B08521131A8ACC880056236A /* Images.xcassets in Resources */,
				B08521461A8AD8830056236A /* Main.storyboard in Resources */,
			);
			runOnlyForDeploymentPostprocessing = 0;
		};
		B08521191A8ACC880056236A /* Resources */ = {
			isa = PBXResourcesBuildPhase;
			buildActionMask = 2147483647;
			files = (
			);
			runOnlyForDeploymentPostprocessing = 0;
		};
/* End PBXResourcesBuildPhase section */

/* Begin PBXSourcesBuildPhase section */
		B08520FE1A8ACC880056236A /* Sources */ = {
			isa = PBXSourcesBuildPhase;
			buildActionMask = 2147483647;
			files = (
				B085214A1A8ADC5B0056236A /* ContentViewController.m in Sources */,
				B085210E1A8ACC880056236A /* ViewController.m in Sources */,
				B085214D1A8ADEB50056236A /* NSBundle+Convenience.m in Sources */,
				B085210B1A8ACC880056236A /* AppDelegate.m in Sources */,
				B08521081A8ACC880056236A /* main.m in Sources */,
			);
			runOnlyForDeploymentPostprocessing = 0;
		};
		B08521171A8ACC880056236A /* Sources */ = {
			isa = PBXSourcesBuildPhase;
			buildActionMask = 2147483647;
			files = (
				B08521221A8ACC880056236A /* YoloRobotTests.m in Sources */,
			);
			runOnlyForDeploymentPostprocessing = 0;
		};
/* End PBXSourcesBuildPhase section */

/* Begin PBXTargetDependency section */
		B085211D1A8ACC880056236A /* PBXTargetDependency */ = {
			isa = PBXTargetDependency;
			target = B08521011A8ACC880056236A /* YoloRobot */;
			targetProxy = B085211C1A8ACC880056236A /* PBXContainerItemProxy */;
		};
/* End PBXTargetDependency section */

/* Begin XCBuildConfiguration section */
		B08521231A8ACC880056236A /* Debug */ = {
			isa = XCBuildConfiguration;
			buildSettings = {
				ALWAYS_SEARCH_USER_PATHS = NO;
				CLANG_CXX_LANGUAGE_STANDARD = "gnu++0x";
				CLANG_CXX_LIBRARY = "libc++";
				CLANG_ENABLE_MODULES = YES;
				CLANG_ENABLE_OBJC_ARC = YES;
				CLANG_WARN_BOOL_CONVERSION = YES;
				CLANG_WARN_CONSTANT_CONVERSION = YES;
				CLANG_WARN_DIRECT_OBJC_ISA_USAGE = YES_ERROR;
				CLANG_WARN_EMPTY_BODY = YES;
				CLANG_WARN_ENUM_CONVERSION = YES;
				CLANG_WARN_INT_CONVERSION = YES;
				CLANG_WARN_OBJC_ROOT_CLASS = YES_ERROR;
				CLANG_WARN_UNREACHABLE_CODE = YES;
				CLANG_WARN__DUPLICATE_METHOD_MATCH = YES;
				"CODE_SIGN_IDENTITY[sdk=iphoneos*]" = "iPhone Developer";
				COPY_PHASE_STRIP = NO;
				ENABLE_STRICT_OBJC_MSGSEND = YES;
				GCC_C_LANGUAGE_STANDARD = gnu99;
				GCC_DYNAMIC_NO_PIC = NO;
				GCC_OPTIMIZATION_LEVEL = 0;
				GCC_PREPROCESSOR_DEFINITIONS = (
					"DEBUG=1",
					"$(inherited)",
				);
				GCC_SYMBOLS_PRIVATE_EXTERN = NO;
				GCC_WARN_64_TO_32_BIT_CONVERSION = YES;
				GCC_WARN_ABOUT_RETURN_TYPE = YES_ERROR;
				GCC_WARN_UNDECLARED_SELECTOR = YES;
				GCC_WARN_UNINITIALIZED_AUTOS = YES_AGGRESSIVE;
				GCC_WARN_UNUSED_FUNCTION = YES;
				GCC_WARN_UNUSED_VARIABLE = YES;
				IPHONEOS_DEPLOYMENT_TARGET = 8.1;
				MTL_ENABLE_DEBUG_INFO = YES;
				ONLY_ACTIVE_ARCH = YES;
				SDKROOT = iphoneos;
				TARGETED_DEVICE_FAMILY = 2;
			};
			name = Debug;
		};
		B08521241A8ACC880056236A /* Release */ = {
			isa = XCBuildConfiguration;
			buildSettings = {
				ALWAYS_SEARCH_USER_PATHS = NO;
				CLANG_CXX_LANGUAGE_STANDARD = "gnu++0x";
				CLANG_CXX_LIBRARY = "libc++";
				CLANG_ENABLE_MODULES = YES;
				CLANG_ENABLE_OBJC_ARC = YES;
				CLANG_WARN_BOOL_CONVERSION = YES;
				CLANG_WARN_CONSTANT_CONVERSION = YES;
				CLANG_WARN_DIRECT_OBJC_ISA_USAGE = YES_ERROR;
				CLANG_WARN_EMPTY_BODY = YES;
				CLANG_WARN_ENUM_CONVERSION = YES;
				CLANG_WARN_INT_CONVERSION = YES;
				CLANG_WARN_OBJC_ROOT_CLASS = YES_ERROR;
				CLANG_WARN_UNREACHABLE_CODE = YES;
				CLANG_WARN__DUPLICATE_METHOD_MATCH = YES;
				"CODE_SIGN_IDENTITY[sdk=iphoneos*]" = "iPhone Developer";
				COPY_PHASE_STRIP = YES;
				ENABLE_NS_ASSERTIONS = NO;
				ENABLE_STRICT_OBJC_MSGSEND = YES;
				GCC_C_LANGUAGE_STANDARD = gnu99;
				GCC_WARN_64_TO_32_BIT_CONVERSION = YES;
				GCC_WARN_ABOUT_RETURN_TYPE = YES_ERROR;
				GCC_WARN_UNDECLARED_SELECTOR = YES;
				GCC_WARN_UNINITIALIZED_AUTOS = YES_AGGRESSIVE;
				GCC_WARN_UNUSED_FUNCTION = YES;
				GCC_WARN_UNUSED_VARIABLE = YES;
				IPHONEOS_DEPLOYMENT_TARGET = 8.1;
				MTL_ENABLE_DEBUG_INFO = NO;
				SDKROOT = iphoneos;
				TARGETED_DEVICE_FAMILY = 2;
				VALIDATE_PRODUCT = YES;
			};
			name = Release;
		};
		B08521261A8ACC880056236A /* Debug */ = {
			isa = XCBuildConfiguration;
			buildSettings = {
				ASSETCATALOG_COMPILER_APPICON_NAME = AppIcon;
				INFOPLIST_FILE = YoloRobot/Info.plist;
				LD_RUNPATH_SEARCH_PATHS = "$(inherited) @executable_path/Frameworks";
				PRODUCT_NAME = "$(TARGET_NAME)";
			};
			name = Debug;
		};
		B08521271A8ACC880056236A /* Release */ = {
			isa = XCBuildConfiguration;
			buildSettings = {
				ASSETCATALOG_COMPILER_APPICON_NAME = AppIcon;
				INFOPLIST_FILE = YoloRobot/Info.plist;
				LD_RUNPATH_SEARCH_PATHS = "$(inherited) @executable_path/Frameworks";
				PRODUCT_NAME = "$(TARGET_NAME)";
			};
			name = Release;
		};
		B08521291A8ACC880056236A /* Debug */ = {
			isa = XCBuildConfiguration;
			buildSettings = {
				BUNDLE_LOADER = "$(TEST_HOST)";
				FRAMEWORK_SEARCH_PATHS = (
					"$(SDKROOT)/Developer/Library/Frameworks",
					"$(inherited)",
				);
				GCC_PREPROCESSOR_DEFINITIONS = (
					"DEBUG=1",
					"$(inherited)",
				);
				INFOPLIST_FILE = YoloRobotTests/Info.plist;
				LD_RUNPATH_SEARCH_PATHS = "$(inherited) @executable_path/Frameworks @loader_path/Frameworks";
				PRODUCT_NAME = "$(TARGET_NAME)";
				TEST_HOST = "$(BUILT_PRODUCTS_DIR)/YoloRobot.app/YoloRobot";
			};
			name = Debug;
		};
		B085212A1A8ACC880056236A /* Release */ = {
			isa = XCBuildConfiguration;
			buildSettings = {
				BUNDLE_LOADER = "$(TEST_HOST)";
				FRAMEWORK_SEARCH_PATHS = (
					"$(SDKROOT)/Developer/Library/Frameworks",
					"$(inherited)",
				);
				INFOPLIST_FILE = YoloRobotTests/Info.plist;
				LD_RUNPATH_SEARCH_PATHS = "$(inherited) @executable_path/Frameworks @loader_path/Frameworks";
				PRODUCT_NAME = "$(TARGET_NAME)";
				TEST_HOST = "$(BUILT_PRODUCTS_DIR)/YoloRobot.app/YoloRobot";
			};
			name = Release;
		};
/* End XCBuildConfiguration section */

/* Begin XCConfigurationList section */
		B08520FD1A8ACC880056236A /* Build configuration list for PBXProject "YoloRobot" */ = {
			isa = XCConfigurationList;
			buildConfigurations = (
				B08521231A8ACC880056236A /* Debug */,
				B08521241A8ACC880056236A /* Release */,
			);
			defaultConfigurationIsVisible = 0;
			defaultConfigurationName = Release;
		};
		B08521251A8ACC880056236A /* Build configuration list for PBXNativeTarget "YoloRobot" */ = {
			isa = XCConfigurationList;
			buildConfigurations = (
				B08521261A8ACC880056236A /* Debug */,
				B08521271A8ACC880056236A /* Release */,
			);
			defaultConfigurationIsVisible = 0;
		};
		B08521281A8ACC880056236A /* Build configuration list for PBXNativeTarget "YoloRobotTests" */ = {
			isa = XCConfigurationList;
			buildConfigurations = (
				B08521291A8ACC880056236A /* Debug */,
				B085212A1A8ACC880056236A /* Release */,
			);
			defaultConfigurationIsVisible = 0;
		};
/* End XCConfigurationList section */
	};
	rootObject = B08520FA1A8ACC880056236A /* Project object */;
}
